{
  "version": 4,
  "terraform_version": "1.3.9",
  "serial": 59,
  "lineage": "db37e9c7-5211-cf39-34b8-5f78a514901f",
  "outputs": {
    "static-key-access-key": {
      "value": "YCAJEsSS3Hqg5N2um2WhAwX2j",
      "type": "string",
      "sensitive": true
    },
    "static-key-secret-key": {
      "value": "YCOwvF5mO46h2XS7Gr1xucu28nAUJpu1Y3IBbjmQ",
      "type": "string",
      "sensitive": true
    }
  },
  "resources": [
    {
      "mode": "managed",
      "type": "yandex_compute_instance",
      "name": "nat-instance",
      "provider": "provider[\"registry.terraform.io/yandex-cloud/yandex\"]",
      "instances": [
        {
          "schema_version": 1,
          "attributes": {
            "allow_recreate": null,
            "allow_stopping_for_update": null,
            "boot_disk": [
              {
                "auto_delete": true,
                "device_name": "fhmcajv8u90co87352em",
                "disk_id": "fhmcajv8u90co87352em",
                "initialize_params": [
                  {
                    "block_size": 4096,
                    "description": "",
                    "image_id": "fd80mrhj8fl2oe87o4e1",
                    "name": "",
                    "size": 3,
                    "snapshot_id": "",
                    "type": "network-hdd"
                  }
                ],
                "mode": "READ_WRITE"
              }
            ],
            "created_at": "2023-08-28T16:37:50Z",
            "description": "",
            "filesystem": [],
            "folder_id": "b1ga4u00jltahn3l6fp9",
            "fqdn": "fhmtd5j9u2hsdn8ttrbg.auto.internal",
            "gpu_cluster_id": "",
            "hostname": "",
            "id": "fhmtd5j9u2hsdn8ttrbg",
            "labels": null,
            "local_disk": [],
            "metadata": {
              "user-data": "#cloud-config\nusers:\n  - name: nat-user\n    groups: sudo\n    shell: /bin/bash\n    sudo: ['ALL=(ALL) NOPASSWD:ALL']\n    ssh-authorized-keys:\n      - ssh-rsa AAAAB3NzaC1yc2EAAAADAQABAAABgQCjOqxotweTB+3h10/vLXG9eZiC123nkXcQi1cJRkBk1h9npd47JCavWnafUzbt34hE3WYaZXWlQPJbuY0hzUqXzHygxvOtF//mBUoEJgpHCTkPpKbxAFyNgoIHl4jEjhFzleJomrI52IuozJNQHDUI3zBLdpfI8tKwTQ8EdhItPmgxTi1dupprd4eJLPxyyEpkEr3TQIrnAy8DqvzvFQbR+JNZIHI/NktHe5P38L2LVWpzBDVuzWxWFPJwwSjJr8TcfMfXPtvUQcPq4TYLFLO8elo1FQuoFDwtLhlWqaEo9L5iDqM8cu25LQNr6FCUlhaqipatFQDepxdyaJg1sS1hzeTV9b3xMWQY1GkQtuEwpGUs7BeaHdtsa6wU9HGJWa9Xd61R2tDcKOa5NacEPPFn7jtNbaYS5iJfPglYkny1L5sPQ0SJ+V6y9uDa99RctlVgC5777NsyT2scJRYBUpQo/wQAMBYgOZGqBom+Me3qMX+Dq4e4ujJK/wLIcsxTj7c= nik@nik-Ubuntu\n"
            },
            "metadata_options": [
              {
                "aws_v1_http_endpoint": 1,
                "aws_v1_http_token": 2,
                "gce_http_endpoint": 1,
                "gce_http_token": 1
              }
            ],
            "name": "nat-instance",
            "network_acceleration_type": "standard",
            "network_interface": [
              {
                "dns_record": [],
                "index": 0,
                "ip_address": "192.168.10.254",
                "ipv4": true,
                "ipv6": false,
                "ipv6_address": "",
                "ipv6_dns_record": [],
                "mac_address": "d0:0d:1d:69:66:9f",
                "nat": true,
                "nat_dns_record": [],
                "nat_ip_address": "51.250.9.77",
                "nat_ip_version": "IPV4",
                "security_group_ids": [],
                "subnet_id": "e9bmohokjcbqu52ulcst"
              }
            ],
            "placement_policy": [
              {
                "host_affinity_rules": [],
                "placement_group_id": ""
              }
            ],
            "platform_id": "standard-v3",
            "resources": [
              {
                "core_fraction": 20,
                "cores": 2,
                "gpus": 0,
                "memory": 2
              }
            ],
            "scheduling_policy": [
              {
                "preemptible": false
              }
            ],
            "secondary_disk": [],
            "service_account_id": "",
            "status": "running",
            "timeouts": null,
            "zone": "ru-central1-a"
          },
          "sensitive_attributes": [],
          "private": "eyJlMmJmYjczMC1lY2FhLTExZTYtOGY4OC0zNDM2M2JjN2M0YzAiOnsiY3JlYXRlIjozMDAwMDAwMDAwMDAsImRlbGV0ZSI6MzAwMDAwMDAwMDAwLCJ1cGRhdGUiOjMwMDAwMDAwMDAwMH0sInNjaGVtYV92ZXJzaW9uIjoiMSJ9",
          "dependencies": [
            "yandex_vpc_network.my-vpc",
            "yandex_vpc_subnet.public-subnet"
          ]
        }
      ]
    },
    {
      "mode": "managed",
      "type": "yandex_compute_instance",
      "name": "private-vm",
      "provider": "provider[\"registry.terraform.io/yandex-cloud/yandex\"]",
      "instances": [
        {
          "schema_version": 1,
          "attributes": {
            "allow_recreate": null,
            "allow_stopping_for_update": null,
            "boot_disk": [
              {
                "auto_delete": true,
                "device_name": "fhm67nngkb76p127ifg4",
                "disk_id": "fhm67nngkb76p127ifg4",
                "initialize_params": [
                  {
                    "block_size": 4096,
                    "description": "",
                    "image_id": "fd8t08ih94rivuk5q46j",
                    "name": "",
                    "size": 5,
                    "snapshot_id": "",
                    "type": "network-hdd"
                  }
                ],
                "mode": "READ_WRITE"
              }
            ],
            "created_at": "2023-08-28T16:38:43Z",
            "description": "",
            "filesystem": [],
            "folder_id": "b1ga4u00jltahn3l6fp9",
            "fqdn": "fhmr2lsbs2b525gsavs7.auto.internal",
            "gpu_cluster_id": "",
            "hostname": "",
            "id": "fhmr2lsbs2b525gsavs7",
            "labels": null,
            "local_disk": [],
            "metadata": {
              "user-data": "#cloud-config\nusers:\n  - name: vm-user\n    groups: sudo\n    shell: /bin/bash\n    sudo: ['ALL=(ALL) NOPASSWD:ALL']\n    ssh-authorized-keys:\n      - ssh-rsa AAAAB3NzaC1yc2EAAAADAQABAAABgQCjOqxotweTB+3h10/vLXG9eZiC123nkXcQi1cJRkBk1h9npd47JCavWnafUzbt34hE3WYaZXWlQPJbuY0hzUqXzHygxvOtF//mBUoEJgpHCTkPpKbxAFyNgoIHl4jEjhFzleJomrI52IuozJNQHDUI3zBLdpfI8tKwTQ8EdhItPmgxTi1dupprd4eJLPxyyEpkEr3TQIrnAy8DqvzvFQbR+JNZIHI/NktHe5P38L2LVWpzBDVuzWxWFPJwwSjJr8TcfMfXPtvUQcPq4TYLFLO8elo1FQuoFDwtLhlWqaEo9L5iDqM8cu25LQNr6FCUlhaqipatFQDepxdyaJg1sS1hzeTV9b3xMWQY1GkQtuEwpGUs7BeaHdtsa6wU9HGJWa9Xd61R2tDcKOa5NacEPPFn7jtNbaYS5iJfPglYkny1L5sPQ0SJ+V6y9uDa99RctlVgC5777NsyT2scJRYBUpQo/wQAMBYgOZGqBom+Me3qMX+Dq4e4ujJK/wLIcsxTj7c= nik@nik-Ubuntu\n"
            },
            "metadata_options": [
              {
                "aws_v1_http_endpoint": 1,
                "aws_v1_http_token": 2,
                "gce_http_endpoint": 1,
                "gce_http_token": 1
              }
            ],
            "name": "private-vm",
            "network_acceleration_type": "standard",
            "network_interface": [
              {
                "dns_record": [],
                "index": 0,
                "ip_address": "192.168.20.4",
                "ipv4": true,
                "ipv6": false,
                "ipv6_address": "",
                "ipv6_dns_record": [],
                "mac_address": "d0:0d:1b:15:78:be",
                "nat": false,
                "nat_dns_record": [],
                "nat_ip_address": "",
                "nat_ip_version": "",
                "security_group_ids": [
                  "enpictl9r00cdq8jephk"
                ],
                "subnet_id": "e9brsf3dtlm859vuo9mk"
              }
            ],
            "placement_policy": [
              {
                "host_affinity_rules": [],
                "placement_group_id": ""
              }
            ],
            "platform_id": "standard-v3",
            "resources": [
              {
                "core_fraction": 20,
                "cores": 2,
                "gpus": 0,
                "memory": 2
              }
            ],
            "scheduling_policy": [
              {
                "preemptible": false
              }
            ],
            "secondary_disk": [],
            "service_account_id": "",
            "status": "running",
            "timeouts": null,
            "zone": "ru-central1-a"
          },
          "sensitive_attributes": [],
          "private": "eyJlMmJmYjczMC1lY2FhLTExZTYtOGY4OC0zNDM2M2JjN2M0YzAiOnsiY3JlYXRlIjozMDAwMDAwMDAwMDAsImRlbGV0ZSI6MzAwMDAwMDAwMDAwLCJ1cGRhdGUiOjMwMDAwMDAwMDAwMH0sInNjaGVtYV92ZXJzaW9uIjoiMSJ9",
          "dependencies": [
            "yandex_compute_instance.nat-instance",
            "yandex_vpc_network.my-vpc",
            "yandex_vpc_route_table.nat-instance-route",
            "yandex_vpc_security_group.nat-instance-sg",
            "yandex_vpc_subnet.private-subnet",
            "yandex_vpc_subnet.public-subnet"
          ]
        }
      ]
    },
    {
      "mode": "managed",
      "type": "yandex_compute_instance",
      "name": "public-vm",
      "provider": "provider[\"registry.terraform.io/yandex-cloud/yandex\"]",
      "instances": [
        {
          "schema_version": 1,
          "attributes": {
            "allow_recreate": null,
            "allow_stopping_for_update": null,
            "boot_disk": [
              {
                "auto_delete": true,
                "device_name": "fhmhtg186on7edmjvrg3",
                "disk_id": "fhmhtg186on7edmjvrg3",
                "initialize_params": [
                  {
                    "block_size": 4096,
                    "description": "",
                    "image_id": "fd8t08ih94rivuk5q46j",
                    "name": "",
                    "size": 5,
                    "snapshot_id": "",
                    "type": "network-hdd"
                  }
                ],
                "mode": "READ_WRITE"
              }
            ],
            "created_at": "2023-08-28T16:37:51Z",
            "description": "",
            "filesystem": [],
            "folder_id": "b1ga4u00jltahn3l6fp9",
            "fqdn": "fhmc8nra3caccmdqkuvm.auto.internal",
            "gpu_cluster_id": "",
            "hostname": "",
            "id": "fhmc8nra3caccmdqkuvm",
            "labels": null,
            "local_disk": [],
            "metadata": {
              "user-data": "#cloud-config\nusers:\n  - name: vm-user\n    groups: sudo\n    shell: /bin/bash\n    sudo: ['ALL=(ALL) NOPASSWD:ALL']\n    ssh-authorized-keys:\n      - ssh-rsa AAAAB3NzaC1yc2EAAAADAQABAAABgQCjOqxotweTB+3h10/vLXG9eZiC123nkXcQi1cJRkBk1h9npd47JCavWnafUzbt34hE3WYaZXWlQPJbuY0hzUqXzHygxvOtF//mBUoEJgpHCTkPpKbxAFyNgoIHl4jEjhFzleJomrI52IuozJNQHDUI3zBLdpfI8tKwTQ8EdhItPmgxTi1dupprd4eJLPxyyEpkEr3TQIrnAy8DqvzvFQbR+JNZIHI/NktHe5P38L2LVWpzBDVuzWxWFPJwwSjJr8TcfMfXPtvUQcPq4TYLFLO8elo1FQuoFDwtLhlWqaEo9L5iDqM8cu25LQNr6FCUlhaqipatFQDepxdyaJg1sS1hzeTV9b3xMWQY1GkQtuEwpGUs7BeaHdtsa6wU9HGJWa9Xd61R2tDcKOa5NacEPPFn7jtNbaYS5iJfPglYkny1L5sPQ0SJ+V6y9uDa99RctlVgC5777NsyT2scJRYBUpQo/wQAMBYgOZGqBom+Me3qMX+Dq4e4ujJK/wLIcsxTj7c= nik@nik-Ubuntu\n"
            },
            "metadata_options": [
              {
                "aws_v1_http_endpoint": 1,
                "aws_v1_http_token": 2,
                "gce_http_endpoint": 1,
                "gce_http_token": 1
              }
            ],
            "name": "public-vm",
            "network_acceleration_type": "standard",
            "network_interface": [
              {
                "dns_record": [],
                "index": 0,
                "ip_address": "192.168.10.27",
                "ipv4": true,
                "ipv6": false,
                "ipv6_address": "",
                "ipv6_dns_record": [],
                "mac_address": "d0:0d:c4:5f:6a:1b",
                "nat": true,
                "nat_dns_record": [],
                "nat_ip_address": "62.84.124.64",
                "nat_ip_version": "IPV4",
                "security_group_ids": [
                  "enpictl9r00cdq8jephk"
                ],
                "subnet_id": "e9bmohokjcbqu52ulcst"
              }
            ],
            "placement_policy": [
              {
                "host_affinity_rules": [],
                "placement_group_id": ""
              }
            ],
            "platform_id": "standard-v3",
            "resources": [
              {
                "core_fraction": 20,
                "cores": 2,
                "gpus": 0,
                "memory": 2
              }
            ],
            "scheduling_policy": [
              {
                "preemptible": false
              }
            ],
            "secondary_disk": [],
            "service_account_id": "",
            "status": "running",
            "timeouts": null,
            "zone": "ru-central1-a"
          },
          "sensitive_attributes": [],
          "private": "eyJlMmJmYjczMC1lY2FhLTExZTYtOGY4OC0zNDM2M2JjN2M0YzAiOnsiY3JlYXRlIjozMDAwMDAwMDAwMDAsImRlbGV0ZSI6MzAwMDAwMDAwMDAwLCJ1cGRhdGUiOjMwMDAwMDAwMDAwMH0sInNjaGVtYV92ZXJzaW9uIjoiMSJ9",
          "dependencies": [
            "yandex_vpc_network.my-vpc",
            "yandex_vpc_security_group.nat-instance-sg",
            "yandex_vpc_subnet.public-subnet"
          ]
        }
      ]
    },
    {
      "mode": "managed",
      "type": "yandex_iam_service_account_static_access_key",
      "name": "static-access-key",
      "provider": "provider[\"registry.terraform.io/yandex-cloud/yandex\"]",
      "instances": [
        {
          "schema_version": 0,
          "attributes": {
            "access_key": "YCAJEsSS3Hqg5N2um2WhAwX2j",
            "created_at": "2023-08-28T16:37:48Z",
            "description": "",
            "encrypted_secret_key": null,
            "id": "aje7m0bnkpav1ajmoev2",
            "key_fingerprint": null,
            "pgp_key": null,
            "secret_key": "YCOwvF5mO46h2XS7Gr1xucu28nAUJpu1Y3IBbjmQ",
            "service_account_id": "ajeoo3ebpj8ve3tg93ln"
          },
          "sensitive_attributes": [],
          "private": "bnVsbA=="
        }
      ]
    },
    {
      "mode": "managed",
      "type": "yandex_vpc_network",
      "name": "my-vpc",
      "provider": "provider[\"registry.terraform.io/yandex-cloud/yandex\"]",
      "instances": [
        {
          "schema_version": 0,
          "attributes": {
            "created_at": "2023-08-28T16:37:48Z",
            "default_security_group_id": "",
            "description": "",
            "folder_id": "b1ga4u00jltahn3l6fp9",
            "id": "enp9u3vignoh215e8smb",
            "labels": {},
            "name": "my-vpc",
            "subnet_ids": [],
            "timeouts": null
          },
          "sensitive_attributes": [],
          "private": "eyJlMmJmYjczMC1lY2FhLTExZTYtOGY4OC0zNDM2M2JjN2M0YzAiOnsiY3JlYXRlIjo2MDAwMDAwMDAwMCwiZGVsZXRlIjo2MDAwMDAwMDAwMCwidXBkYXRlIjo2MDAwMDAwMDAwMH19"
        }
      ]
    },
    {
      "mode": "managed",
      "type": "yandex_vpc_route_table",
      "name": "nat-instance-route",
      "provider": "provider[\"registry.terraform.io/yandex-cloud/yandex\"]",
      "instances": [
        {
          "schema_version": 0,
          "attributes": {
            "created_at": "2023-08-28T16:38:41Z",
            "description": "",
            "folder_id": "b1ga4u00jltahn3l6fp9",
            "id": "enpii6sapakv9q4qn058",
            "labels": {},
            "name": "nat-instance-route",
            "network_id": "enp9u3vignoh215e8smb",
            "static_route": [
              {
                "destination_prefix": "0.0.0.0/0",
                "gateway_id": "",
                "next_hop_address": "192.168.10.254"
              }
            ],
            "timeouts": null
          },
          "sensitive_attributes": [],
          "private": "eyJlMmJmYjczMC1lY2FhLTExZTYtOGY4OC0zNDM2M2JjN2M0YzAiOnsiY3JlYXRlIjoxODAwMDAwMDAwMDAsImRlbGV0ZSI6MTgwMDAwMDAwMDAwLCJ1cGRhdGUiOjE4MDAwMDAwMDAwMH19",
          "dependencies": [
            "yandex_compute_instance.nat-instance",
            "yandex_vpc_network.my-vpc",
            "yandex_vpc_subnet.public-subnet"
          ]
        }
      ]
    },
    {
      "mode": "managed",
      "type": "yandex_vpc_security_group",
      "name": "nat-instance-sg",
      "provider": "provider[\"registry.terraform.io/yandex-cloud/yandex\"]",
      "instances": [
        {
          "schema_version": 0,
          "attributes": {
            "created_at": "2023-08-28T16:37:50Z",
            "description": "",
            "egress": [
              {
                "description": "any",
                "from_port": -1,
                "id": "enpg4sg88ufel46l5v5k",
                "labels": {},
                "port": -1,
                "predefined_target": "",
                "protocol": "ANY",
                "security_group_id": "",
                "to_port": -1,
                "v4_cidr_blocks": [
                  "0.0.0.0/0"
                ],
                "v6_cidr_blocks": []
              }
            ],
            "folder_id": "b1ga4u00jltahn3l6fp9",
            "id": "enpictl9r00cdq8jephk",
            "ingress": [
              {
                "description": "ext-http",
                "from_port": -1,
                "id": "enpc66f7k6uq7b05cn7q",
                "labels": {},
                "port": 80,
                "predefined_target": "",
                "protocol": "TCP",
                "security_group_id": "",
                "to_port": -1,
                "v4_cidr_blocks": [
                  "0.0.0.0/0"
                ],
                "v6_cidr_blocks": []
              },
              {
                "description": "ext-https",
                "from_port": -1,
                "id": "enpreqops4qpbg3ligff",
                "labels": {},
                "port": 443,
                "predefined_target": "",
                "protocol": "TCP",
                "security_group_id": "",
                "to_port": -1,
                "v4_cidr_blocks": [
                  "0.0.0.0/0"
                ],
                "v6_cidr_blocks": []
              },
              {
                "description": "ssh",
                "from_port": -1,
                "id": "enp6gouj8pah30kjnp47",
                "labels": {},
                "port": 22,
                "predefined_target": "",
                "protocol": "TCP",
                "security_group_id": "",
                "to_port": -1,
                "v4_cidr_blocks": [
                  "0.0.0.0/0"
                ],
                "v6_cidr_blocks": []
              }
            ],
            "labels": {},
            "name": "nat-instance-sg",
            "network_id": "enp9u3vignoh215e8smb",
            "status": "ACTIVE",
            "timeouts": null
          },
          "sensitive_attributes": [],
          "private": "eyJlMmJmYjczMC1lY2FhLTExZTYtOGY4OC0zNDM2M2JjN2M0YzAiOnsiY3JlYXRlIjoxODAwMDAwMDAwMDAsImRlbGV0ZSI6MTgwMDAwMDAwMDAwLCJ1cGRhdGUiOjE4MDAwMDAwMDAwMH19",
          "dependencies": [
            "yandex_vpc_network.my-vpc"
          ]
        }
      ]
    },
    {
      "mode": "managed",
      "type": "yandex_vpc_subnet",
      "name": "private-subnet",
      "provider": "provider[\"registry.terraform.io/yandex-cloud/yandex\"]",
      "instances": [
        {
          "schema_version": 0,
          "attributes": {
            "created_at": "2023-08-28T16:38:42Z",
            "description": "",
            "dhcp_options": [],
            "folder_id": "b1ga4u00jltahn3l6fp9",
            "id": "e9brsf3dtlm859vuo9mk",
            "labels": {},
            "name": "private-subnet",
            "network_id": "enp9u3vignoh215e8smb",
            "route_table_id": "enpii6sapakv9q4qn058",
            "timeouts": null,
            "v4_cidr_blocks": [
              "192.168.20.0/24"
            ],
            "v6_cidr_blocks": [],
            "zone": "ru-central1-a"
          },
          "sensitive_attributes": [],
          "private": "eyJlMmJmYjczMC1lY2FhLTExZTYtOGY4OC0zNDM2M2JjN2M0YzAiOnsiY3JlYXRlIjoxODAwMDAwMDAwMDAsImRlbGV0ZSI6MTgwMDAwMDAwMDAwLCJ1cGRhdGUiOjE4MDAwMDAwMDAwMH19",
          "dependencies": [
            "yandex_compute_instance.nat-instance",
            "yandex_vpc_network.my-vpc",
            "yandex_vpc_route_table.nat-instance-route",
            "yandex_vpc_subnet.public-subnet"
          ]
        }
      ]
    },
    {
      "mode": "managed",
      "type": "yandex_vpc_subnet",
      "name": "public-subnet",
      "provider": "provider[\"registry.terraform.io/yandex-cloud/yandex\"]",
      "instances": [
        {
          "schema_version": 0,
          "attributes": {
            "created_at": "2023-08-28T16:37:49Z",
            "description": "",
            "dhcp_options": [],
            "folder_id": "b1ga4u00jltahn3l6fp9",
            "id": "e9bmohokjcbqu52ulcst",
            "labels": {},
            "name": "public-subnet",
            "network_id": "enp9u3vignoh215e8smb",
            "route_table_id": "",
            "timeouts": null,
            "v4_cidr_blocks": [
              "192.168.10.0/24"
            ],
            "v6_cidr_blocks": [],
            "zone": "ru-central1-a"
          },
          "sensitive_attributes": [],
          "private": "eyJlMmJmYjczMC1lY2FhLTExZTYtOGY4OC0zNDM2M2JjN2M0YzAiOnsiY3JlYXRlIjoxODAwMDAwMDAwMDAsImRlbGV0ZSI6MTgwMDAwMDAwMDAwLCJ1cGRhdGUiOjE4MDAwMDAwMDAwMH19",
          "dependencies": [
            "yandex_vpc_network.my-vpc"
          ]
        }
      ]
    }
  ],
  "check_results": null
}
