{
  "version": 4,
  "terraform_version": "1.3.9",
  "serial": 68,
  "lineage": "bc678ae1-bf3b-b7e0-e08e-a6290f1d6573",
  "outputs": {},
  "resources": [
    {
      "mode": "managed",
      "type": "yandex_compute_instance",
      "name": "nat-instance",
      "provider": "provider[\"registry.terraform.io/yandex-cloud/yandex\"]",
      "instances": [
        {
          "schema_version": 1,
          "attributes": {
            "allow_recreate": null,
            "allow_stopping_for_update": null,
            "boot_disk": [
              {
                "auto_delete": true,
                "device_name": "fhmsggr708h7822081it",
                "disk_id": "fhmsggr708h7822081it",
                "initialize_params": [
                  {
                    "block_size": 4096,
                    "description": "",
                    "image_id": "fd80mrhj8fl2oe87o4e1",
                    "name": "",
                    "size": 3,
                    "snapshot_id": "",
                    "type": "network-hdd"
                  }
                ],
                "mode": "READ_WRITE"
              }
            ],
            "created_at": "2023-08-27T16:44:56Z",
            "description": "",
            "filesystem": [],
            "folder_id": "b1ga4u00jltahn3l6fp9",
            "fqdn": "fhmkcsvj6rhrpnoveu67.auto.internal",
            "gpu_cluster_id": "",
            "hostname": "",
            "id": "fhmkcsvj6rhrpnoveu67",
            "labels": null,
            "local_disk": [],
            "metadata": {
              "user-data": "#cloud-config\nusers:\n  - name: nat-user\n    groups: sudo\n    shell: /bin/bash\n    sudo: ['ALL=(ALL) NOPASSWD:ALL']\n    ssh-authorized-keys:\n      - ssh-rsa AAAAB3NzaC1yc2EAAAADAQABAAABgQCjOqxotweTB+3h10/vLXG9eZiC123nkXcQi1cJRkBk1h9npd47JCavWnafUzbt34hE3WYaZXWlQPJbuY0hzUqXzHygxvOtF//mBUoEJgpHCTkPpKbxAFyNgoIHl4jEjhFzleJomrI52IuozJNQHDUI3zBLdpfI8tKwTQ8EdhItPmgxTi1dupprd4eJLPxyyEpkEr3TQIrnAy8DqvzvFQbR+JNZIHI/NktHe5P38L2LVWpzBDVuzWxWFPJwwSjJr8TcfMfXPtvUQcPq4TYLFLO8elo1FQuoFDwtLhlWqaEo9L5iDqM8cu25LQNr6FCUlhaqipatFQDepxdyaJg1sS1hzeTV9b3xMWQY1GkQtuEwpGUs7BeaHdtsa6wU9HGJWa9Xd61R2tDcKOa5NacEPPFn7jtNbaYS5iJfPglYkny1L5sPQ0SJ+V6y9uDa99RctlVgC5777NsyT2scJRYBUpQo/wQAMBYgOZGqBom+Me3qMX+Dq4e4ujJK/wLIcsxTj7c= nik@nik-Ubuntu\n"
            },
            "metadata_options": [
              {
                "aws_v1_http_endpoint": 1,
                "aws_v1_http_token": 2,
                "gce_http_endpoint": 1,
                "gce_http_token": 1
              }
            ],
            "name": "nat-instance",
            "network_acceleration_type": "standard",
            "network_interface": [
              {
                "dns_record": [],
                "index": 0,
                "ip_address": "192.168.10.254",
                "ipv4": true,
                "ipv6": false,
                "ipv6_address": "",
                "ipv6_dns_record": [],
                "mac_address": "d0:0d:14:67:3f:33",
                "nat": true,
                "nat_dns_record": [],
                "nat_ip_address": "84.252.128.243",
                "nat_ip_version": "IPV4",
                "security_group_ids": [],
                "subnet_id": "e9bkfrh50a0jffkqhp5b"
              }
            ],
            "placement_policy": [
              {
                "host_affinity_rules": [],
                "placement_group_id": ""
              }
            ],
            "platform_id": "standard-v3",
            "resources": [
              {
                "core_fraction": 20,
                "cores": 2,
                "gpus": 0,
                "memory": 2
              }
            ],
            "scheduling_policy": [
              {
                "preemptible": false
              }
            ],
            "secondary_disk": [],
            "service_account_id": "",
            "status": "running",
            "timeouts": null,
            "zone": "ru-central1-a"
          },
          "sensitive_attributes": [],
          "private": "eyJlMmJmYjczMC1lY2FhLTExZTYtOGY4OC0zNDM2M2JjN2M0YzAiOnsiY3JlYXRlIjozMDAwMDAwMDAwMDAsImRlbGV0ZSI6MzAwMDAwMDAwMDAwLCJ1cGRhdGUiOjMwMDAwMDAwMDAwMH0sInNjaGVtYV92ZXJzaW9uIjoiMSJ9",
          "dependencies": [
            "yandex_vpc_network.my-vpc",
            "yandex_vpc_subnet.public-subnet"
          ]
        }
      ]
    },
    {
      "mode": "managed",
      "type": "yandex_compute_instance",
      "name": "private-vm",
      "provider": "provider[\"registry.terraform.io/yandex-cloud/yandex\"]",
      "instances": [
        {
          "schema_version": 1,
          "attributes": {
            "allow_recreate": null,
            "allow_stopping_for_update": null,
            "boot_disk": [
              {
                "auto_delete": true,
                "device_name": "fhm3m668s6l7pj8mrq00",
                "disk_id": "fhm3m668s6l7pj8mrq00",
                "initialize_params": [
                  {
                    "block_size": 4096,
                    "description": "",
                    "image_id": "fd8t08ih94rivuk5q46j",
                    "name": "",
                    "size": 5,
                    "snapshot_id": "",
                    "type": "network-hdd"
                  }
                ],
                "mode": "READ_WRITE"
              }
            ],
            "created_at": "2023-08-27T16:45:53Z",
            "description": "",
            "filesystem": [],
            "folder_id": "b1ga4u00jltahn3l6fp9",
            "fqdn": "fhm66ppnc218qh485lqj.auto.internal",
            "gpu_cluster_id": "",
            "hostname": "",
            "id": "fhm66ppnc218qh485lqj",
            "labels": null,
            "local_disk": [],
            "metadata": {
              "user-data": "#cloud-config\nusers:\n  - name: vm-user\n    groups: sudo\n    shell: /bin/bash\n    sudo: ['ALL=(ALL) NOPASSWD:ALL']\n    ssh-authorized-keys:\n      - ssh-rsa AAAAB3NzaC1yc2EAAAADAQABAAABgQCjOqxotweTB+3h10/vLXG9eZiC123nkXcQi1cJRkBk1h9npd47JCavWnafUzbt34hE3WYaZXWlQPJbuY0hzUqXzHygxvOtF//mBUoEJgpHCTkPpKbxAFyNgoIHl4jEjhFzleJomrI52IuozJNQHDUI3zBLdpfI8tKwTQ8EdhItPmgxTi1dupprd4eJLPxyyEpkEr3TQIrnAy8DqvzvFQbR+JNZIHI/NktHe5P38L2LVWpzBDVuzWxWFPJwwSjJr8TcfMfXPtvUQcPq4TYLFLO8elo1FQuoFDwtLhlWqaEo9L5iDqM8cu25LQNr6FCUlhaqipatFQDepxdyaJg1sS1hzeTV9b3xMWQY1GkQtuEwpGUs7BeaHdtsa6wU9HGJWa9Xd61R2tDcKOa5NacEPPFn7jtNbaYS5iJfPglYkny1L5sPQ0SJ+V6y9uDa99RctlVgC5777NsyT2scJRYBUpQo/wQAMBYgOZGqBom+Me3qMX+Dq4e4ujJK/wLIcsxTj7c= nik@nik-Ubuntu\n"
            },
            "metadata_options": [
              {
                "aws_v1_http_endpoint": 1,
                "aws_v1_http_token": 2,
                "gce_http_endpoint": 1,
                "gce_http_token": 1
              }
            ],
            "name": "private-vm",
            "network_acceleration_type": "standard",
            "network_interface": [
              {
                "dns_record": [],
                "index": 0,
                "ip_address": "192.168.20.27",
                "ipv4": true,
                "ipv6": false,
                "ipv6_address": "",
                "ipv6_dns_record": [],
                "mac_address": "d0:0d:63:67:37:60",
                "nat": false,
                "nat_dns_record": [],
                "nat_ip_address": "",
                "nat_ip_version": "",
                "security_group_ids": [
                  "enpgdfogtje5b6gv637l"
                ],
                "subnet_id": "e9b575s44ni8nlumc72b"
              }
            ],
            "placement_policy": [
              {
                "host_affinity_rules": [],
                "placement_group_id": ""
              }
            ],
            "platform_id": "standard-v3",
            "resources": [
              {
                "core_fraction": 20,
                "cores": 2,
                "gpus": 0,
                "memory": 2
              }
            ],
            "scheduling_policy": [
              {
                "preemptible": false
              }
            ],
            "secondary_disk": [],
            "service_account_id": "",
            "status": "running",
            "timeouts": null,
            "zone": "ru-central1-a"
          },
          "sensitive_attributes": [],
          "private": "eyJlMmJmYjczMC1lY2FhLTExZTYtOGY4OC0zNDM2M2JjN2M0YzAiOnsiY3JlYXRlIjozMDAwMDAwMDAwMDAsImRlbGV0ZSI6MzAwMDAwMDAwMDAwLCJ1cGRhdGUiOjMwMDAwMDAwMDAwMH0sInNjaGVtYV92ZXJzaW9uIjoiMSJ9",
          "dependencies": [
            "yandex_compute_instance.nat-instance",
            "yandex_vpc_network.my-vpc",
            "yandex_vpc_route_table.nat-instance-route",
            "yandex_vpc_security_group.nat-instance-sg",
            "yandex_vpc_subnet.private-subnet",
            "yandex_vpc_subnet.public-subnet"
          ]
        }
      ]
    },
    {
      "mode": "managed",
      "type": "yandex_compute_instance",
      "name": "public-vm",
      "provider": "provider[\"registry.terraform.io/yandex-cloud/yandex\"]",
      "instances": [
        {
          "schema_version": 1,
          "attributes": {
            "allow_recreate": null,
            "allow_stopping_for_update": null,
            "boot_disk": [
              {
                "auto_delete": true,
                "device_name": "fhmdcdlgtijvopb2j4qq",
                "disk_id": "fhmdcdlgtijvopb2j4qq",
                "initialize_params": [
                  {
                    "block_size": 4096,
                    "description": "",
                    "image_id": "fd8t08ih94rivuk5q46j",
                    "name": "",
                    "size": 5,
                    "snapshot_id": "",
                    "type": "network-hdd"
                  }
                ],
                "mode": "READ_WRITE"
              }
            ],
            "created_at": "2023-08-27T16:44:57Z",
            "description": "",
            "filesystem": [],
            "folder_id": "b1ga4u00jltahn3l6fp9",
            "fqdn": "fhmts9ecndh37bsaemd9.auto.internal",
            "gpu_cluster_id": "",
            "hostname": "",
            "id": "fhmts9ecndh37bsaemd9",
            "labels": null,
            "local_disk": [],
            "metadata": {
              "user-data": "#cloud-config\nusers:\n  - name: vm-user\n    groups: sudo\n    shell: /bin/bash\n    sudo: ['ALL=(ALL) NOPASSWD:ALL']\n    ssh-authorized-keys:\n      - ssh-rsa AAAAB3NzaC1yc2EAAAADAQABAAABgQCjOqxotweTB+3h10/vLXG9eZiC123nkXcQi1cJRkBk1h9npd47JCavWnafUzbt34hE3WYaZXWlQPJbuY0hzUqXzHygxvOtF//mBUoEJgpHCTkPpKbxAFyNgoIHl4jEjhFzleJomrI52IuozJNQHDUI3zBLdpfI8tKwTQ8EdhItPmgxTi1dupprd4eJLPxyyEpkEr3TQIrnAy8DqvzvFQbR+JNZIHI/NktHe5P38L2LVWpzBDVuzWxWFPJwwSjJr8TcfMfXPtvUQcPq4TYLFLO8elo1FQuoFDwtLhlWqaEo9L5iDqM8cu25LQNr6FCUlhaqipatFQDepxdyaJg1sS1hzeTV9b3xMWQY1GkQtuEwpGUs7BeaHdtsa6wU9HGJWa9Xd61R2tDcKOa5NacEPPFn7jtNbaYS5iJfPglYkny1L5sPQ0SJ+V6y9uDa99RctlVgC5777NsyT2scJRYBUpQo/wQAMBYgOZGqBom+Me3qMX+Dq4e4ujJK/wLIcsxTj7c= nik@nik-Ubuntu\n"
            },
            "metadata_options": [
              {
                "aws_v1_http_endpoint": 1,
                "aws_v1_http_token": 2,
                "gce_http_endpoint": 1,
                "gce_http_token": 1
              }
            ],
            "name": "public-vm",
            "network_acceleration_type": "standard",
            "network_interface": [
              {
                "dns_record": [],
                "index": 0,
                "ip_address": "192.168.10.27",
                "ipv4": true,
                "ipv6": false,
                "ipv6_address": "",
                "ipv6_dns_record": [],
                "mac_address": "d0:0d:1d:e2:5c:cb",
                "nat": true,
                "nat_dns_record": [],
                "nat_ip_address": "51.250.71.233",
                "nat_ip_version": "IPV4",
                "security_group_ids": [
                  "enpgdfogtje5b6gv637l"
                ],
                "subnet_id": "e9bkfrh50a0jffkqhp5b"
              }
            ],
            "placement_policy": [
              {
                "host_affinity_rules": [],
                "placement_group_id": ""
              }
            ],
            "platform_id": "standard-v3",
            "resources": [
              {
                "core_fraction": 20,
                "cores": 2,
                "gpus": 0,
                "memory": 2
              }
            ],
            "scheduling_policy": [
              {
                "preemptible": false
              }
            ],
            "secondary_disk": [],
            "service_account_id": "",
            "status": "running",
            "timeouts": null,
            "zone": "ru-central1-a"
          },
          "sensitive_attributes": [],
          "private": "eyJlMmJmYjczMC1lY2FhLTExZTYtOGY4OC0zNDM2M2JjN2M0YzAiOnsiY3JlYXRlIjozMDAwMDAwMDAwMDAsImRlbGV0ZSI6MzAwMDAwMDAwMDAwLCJ1cGRhdGUiOjMwMDAwMDAwMDAwMH0sInNjaGVtYV92ZXJzaW9uIjoiMSJ9",
          "dependencies": [
            "yandex_vpc_network.my-vpc",
            "yandex_vpc_security_group.nat-instance-sg",
            "yandex_vpc_subnet.public-subnet"
          ]
        }
      ]
    },
    {
      "mode": "managed",
      "type": "yandex_vpc_network",
      "name": "my-vpc",
      "provider": "provider[\"registry.terraform.io/yandex-cloud/yandex\"]",
      "instances": [
        {
          "schema_version": 0,
          "attributes": {
            "created_at": "2023-08-27T16:44:54Z",
            "default_security_group_id": "",
            "description": "",
            "folder_id": "b1ga4u00jltahn3l6fp9",
            "id": "enp1hihvlpt252a2tl3e",
            "labels": {},
            "name": "my-vpc",
            "subnet_ids": [],
            "timeouts": null
          },
          "sensitive_attributes": [],
          "private": "eyJlMmJmYjczMC1lY2FhLTExZTYtOGY4OC0zNDM2M2JjN2M0YzAiOnsiY3JlYXRlIjo2MDAwMDAwMDAwMCwiZGVsZXRlIjo2MDAwMDAwMDAwMCwidXBkYXRlIjo2MDAwMDAwMDAwMH19"
        }
      ]
    },
    {
      "mode": "managed",
      "type": "yandex_vpc_route_table",
      "name": "nat-instance-route",
      "provider": "provider[\"registry.terraform.io/yandex-cloud/yandex\"]",
      "instances": [
        {
          "schema_version": 0,
          "attributes": {
            "created_at": "2023-08-27T16:45:51Z",
            "description": "",
            "folder_id": "b1ga4u00jltahn3l6fp9",
            "id": "enp98drdpeiu2848s7ql",
            "labels": {},
            "name": "nat-instance-route",
            "network_id": "enp1hihvlpt252a2tl3e",
            "static_route": [
              {
                "destination_prefix": "0.0.0.0/0",
                "gateway_id": "",
                "next_hop_address": "192.168.10.254"
              }
            ],
            "timeouts": null
          },
          "sensitive_attributes": [],
          "private": "eyJlMmJmYjczMC1lY2FhLTExZTYtOGY4OC0zNDM2M2JjN2M0YzAiOnsiY3JlYXRlIjoxODAwMDAwMDAwMDAsImRlbGV0ZSI6MTgwMDAwMDAwMDAwLCJ1cGRhdGUiOjE4MDAwMDAwMDAwMH19",
          "dependencies": [
            "yandex_compute_instance.nat-instance",
            "yandex_vpc_network.my-vpc",
            "yandex_vpc_subnet.public-subnet"
          ]
        }
      ]
    },
    {
      "mode": "managed",
      "type": "yandex_vpc_security_group",
      "name": "nat-instance-sg",
      "provider": "provider[\"registry.terraform.io/yandex-cloud/yandex\"]",
      "instances": [
        {
          "schema_version": 0,
          "attributes": {
            "created_at": "2023-08-27T16:44:56Z",
            "description": "",
            "egress": [
              {
                "description": "any",
                "from_port": -1,
                "id": "enp9qrilqrjbbstdotr6",
                "labels": {},
                "port": -1,
                "predefined_target": "",
                "protocol": "ANY",
                "security_group_id": "",
                "to_port": -1,
                "v4_cidr_blocks": [
                  "0.0.0.0/0"
                ],
                "v6_cidr_blocks": []
              }
            ],
            "folder_id": "b1ga4u00jltahn3l6fp9",
            "id": "enpgdfogtje5b6gv637l",
            "ingress": [
              {
                "description": "ext-http",
                "from_port": -1,
                "id": "enpe7kq2tdq78grhp8aa",
                "labels": {},
                "port": 80,
                "predefined_target": "",
                "protocol": "TCP",
                "security_group_id": "",
                "to_port": -1,
                "v4_cidr_blocks": [
                  "0.0.0.0/0"
                ],
                "v6_cidr_blocks": []
              },
              {
                "description": "ext-https",
                "from_port": -1,
                "id": "enpt26sv36786a2epu09",
                "labels": {},
                "port": 443,
                "predefined_target": "",
                "protocol": "TCP",
                "security_group_id": "",
                "to_port": -1,
                "v4_cidr_blocks": [
                  "0.0.0.0/0"
                ],
                "v6_cidr_blocks": []
              },
              {
                "description": "ssh",
                "from_port": -1,
                "id": "enpc0be7oamu4lctgghd",
                "labels": {},
                "port": 22,
                "predefined_target": "",
                "protocol": "TCP",
                "security_group_id": "",
                "to_port": -1,
                "v4_cidr_blocks": [
                  "0.0.0.0/0"
                ],
                "v6_cidr_blocks": []
              }
            ],
            "labels": {},
            "name": "nat-instance-sg",
            "network_id": "enp1hihvlpt252a2tl3e",
            "status": "ACTIVE",
            "timeouts": null
          },
          "sensitive_attributes": [],
          "private": "eyJlMmJmYjczMC1lY2FhLTExZTYtOGY4OC0zNDM2M2JjN2M0YzAiOnsiY3JlYXRlIjoxODAwMDAwMDAwMDAsImRlbGV0ZSI6MTgwMDAwMDAwMDAwLCJ1cGRhdGUiOjE4MDAwMDAwMDAwMH19",
          "dependencies": [
            "yandex_vpc_network.my-vpc"
          ]
        }
      ]
    },
    {
      "mode": "managed",
      "type": "yandex_vpc_subnet",
      "name": "private-subnet",
      "provider": "provider[\"registry.terraform.io/yandex-cloud/yandex\"]",
      "instances": [
        {
          "schema_version": 0,
          "attributes": {
            "created_at": "2023-08-27T16:45:52Z",
            "description": "",
            "dhcp_options": [],
            "folder_id": "b1ga4u00jltahn3l6fp9",
            "id": "e9b575s44ni8nlumc72b",
            "labels": {},
            "name": "private-subnet",
            "network_id": "enp1hihvlpt252a2tl3e",
            "route_table_id": "enp98drdpeiu2848s7ql",
            "timeouts": null,
            "v4_cidr_blocks": [
              "192.168.20.0/24"
            ],
            "v6_cidr_blocks": [],
            "zone": "ru-central1-a"
          },
          "sensitive_attributes": [],
          "private": "eyJlMmJmYjczMC1lY2FhLTExZTYtOGY4OC0zNDM2M2JjN2M0YzAiOnsiY3JlYXRlIjoxODAwMDAwMDAwMDAsImRlbGV0ZSI6MTgwMDAwMDAwMDAwLCJ1cGRhdGUiOjE4MDAwMDAwMDAwMH19",
          "dependencies": [
            "yandex_compute_instance.nat-instance",
            "yandex_vpc_network.my-vpc",
            "yandex_vpc_route_table.nat-instance-route",
            "yandex_vpc_subnet.public-subnet"
          ]
        }
      ]
    },
    {
      "mode": "managed",
      "type": "yandex_vpc_subnet",
      "name": "public-subnet",
      "provider": "provider[\"registry.terraform.io/yandex-cloud/yandex\"]",
      "instances": [
        {
          "schema_version": 0,
          "attributes": {
            "created_at": "2023-08-27T16:44:55Z",
            "description": "",
            "dhcp_options": [],
            "folder_id": "b1ga4u00jltahn3l6fp9",
            "id": "e9bkfrh50a0jffkqhp5b",
            "labels": {},
            "name": "public-subnet",
            "network_id": "enp1hihvlpt252a2tl3e",
            "route_table_id": "",
            "timeouts": null,
            "v4_cidr_blocks": [
              "192.168.10.0/24"
            ],
            "v6_cidr_blocks": [],
            "zone": "ru-central1-a"
          },
          "sensitive_attributes": [],
          "private": "eyJlMmJmYjczMC1lY2FhLTExZTYtOGY4OC0zNDM2M2JjN2M0YzAiOnsiY3JlYXRlIjoxODAwMDAwMDAwMDAsImRlbGV0ZSI6MTgwMDAwMDAwMDAwLCJ1cGRhdGUiOjE4MDAwMDAwMDAwMH19",
          "dependencies": [
            "yandex_vpc_network.my-vpc"
          ]
        }
      ]
    }
  ],
  "check_results": null
}
